
Microsoft Visual Studio Solution File, Format Version 12.00
# Visual Studio Version 16
VisualStudioVersion = 16.0.31025.194
MinimumVisualStudioVersion = 10.0.40219.1
Project("{8BC9CEB8-8B4A-11D0-8D11-00A0C91BC942}") = "Lab_5_1_E", "Lab_5_1_E\Lab_5_1_E.vcxproj", "{02EDC6AB-5A2A-4C6E-8FEF-4A00B8CB6F2F}"
EndProject
Project("{8BC9CEB8-8B4A-11D0-8D11-00A0C91BC942}") = "Lab_test_5_1_E", "Lab_test_5_1_E\Lab_test_5_1_E.vcxproj", "{04241D2E-9752-48DD-8B41-0EB3F3527A6D}"
EndProject
Global
	GlobalSection(SolutionConfigurationPlatforms) = preSolution
		Debug|x64 = Debug|x64
		Debug|x86 = Debug|x86
		Release|x64 = Release|x64
		Release|x86 = Release|x86
	EndGlobalSection
	GlobalSection(ProjectConfigurationPlatforms) = postSolution
		{02EDC6AB-5A2A-4C6E-8FEF-4A00B8CB6F2F}.Debug|x64.ActiveCfg = Debug|x64
		{02EDC6AB-5A2A-4C6E-8FEF-4A00B8CB6F2F}.Debug|x64.Build.0 = Debug|x64
		{02EDC6AB-5A2A-4C6E-8FEF-4A00B8CB6F2F}.Debug|x86.ActiveCfg = Debug|Win32
		{02EDC6AB-5A2A-4C6E-8FEF-4A00B8CB6F2F}.Debug|x86.Build.0 = Debug|Win32
		{02EDC6AB-5A2A-4C6E-8FEF-4A00B8CB6F2F}.Release|x64.ActiveCfg = Release|x64
		{02EDC6AB-5A2A-4C6E-8FEF-4A00B8CB6F2F}.Release|x64.Build.0 = Release|x64
		{02EDC6AB-5A2A-4C6E-8FEF-4A00B8CB6F2F}.Release|x86.ActiveCfg = Release|Win32
		{02EDC6AB-5A2A-4C6E-8FEF-4A00B8CB6F2F}.Release|x86.Build.0 = Release|Win32
		{04241D2E-9752-48DD-8B41-0EB3F3527A6D}.Debug|x64.ActiveCfg = Debug|x64
		{04241D2E-9752-48DD-8B41-0EB3F3527A6D}.Debug|x64.Build.0 = Debug|x64
		{04241D2E-9752-48DD-8B41-0EB3F3527A6D}.Debug|x86.ActiveCfg = Debug|Win32
		{04241D2E-9752-48DD-8B41-0EB3F3527A6D}.Debug|x86.Build.0 = Debug|Win32
		{04241D2E-9752-48DD-8B41-0EB3F3527A6D}.Release|x64.ActiveCfg = Release|x64
		{04241D2E-9752-48DD-8B41-0EB3F3527A6D}.Release|x64.Build.0 = Release|x64
		{04241D2E-9752-48DD-8B41-0EB3F3527A6D}.Release|x86.ActiveCfg = Release|Win32
		{04241D2E-9752-48DD-8B41-0EB3F3527A6D}.Release|x86.Build.0 = Release|Win32
	EndGlobalSection
	GlobalSection(SolutionProperties) = preSolution
		HideSolutionNode = FALSE
	EndGlobalSection
	GlobalSection(ExtensibilityGlobals) = postSolution
		SolutionGuid = {0F8E21E4-8306-4702-A5F4-EA6F3A27F94E}
	EndGlobalSection
EndGlobal
